
Microsoft Visual Studio Solution File, Format Version 12.00
# Visual Studio Version 16
VisualStudioVersion = 16.0.29403.142
MinimumVisualStudioVersion = 10.0.40219.1
Project("{FAE04EC0-301F-11D3-BF4B-00C04F79EFBC}") = "CafeCaspian.Application", "CafeCaspian\CafeCaspian.Application.csproj", "{DBD6BBDF-6D38-40E4-99B2-5C9F4032AB98}"
EndProject
Project("{FAE04EC0-301F-11D3-BF4B-00C04F79EFBC}") = "CafeCaspian.UnitTests", "CafeCaspian.UnitTests\CafeCaspian.UnitTests.csproj", "{E0EC241C-50CF-42F3-A444-8758F88B23EC}"
EndProject
Project("{FAE04EC0-301F-11D3-BF4B-00C04F79EFBC}") = "CafeCaspian.Domain", "CafeCaspian.Domain\CafeCaspian.Domain.csproj", "{A9D84435-3499-4E27-B242-9726D9D4B1E1}"
EndProject
Global
	GlobalSection(SolutionConfigurationPlatforms) = preSolution
		Debug|Any CPU = Debug|Any CPU
		Release|Any CPU = Release|Any CPU
	EndGlobalSection
	GlobalSection(ProjectConfigurationPlatforms) = postSolution
		{DBD6BBDF-6D38-40E4-99B2-5C9F4032AB98}.Debug|Any CPU.ActiveCfg = Debug|Any CPU
		{DBD6BBDF-6D38-40E4-99B2-5C9F4032AB98}.Debug|Any CPU.Build.0 = Debug|Any CPU
		{DBD6BBDF-6D38-40E4-99B2-5C9F4032AB98}.Release|Any CPU.ActiveCfg = Release|Any CPU
		{DBD6BBDF-6D38-40E4-99B2-5C9F4032AB98}.Release|Any CPU.Build.0 = Release|Any CPU
		{E0EC241C-50CF-42F3-A444-8758F88B23EC}.Debug|Any CPU.ActiveCfg = Debug|Any CPU
		{E0EC241C-50CF-42F3-A444-8758F88B23EC}.Debug|Any CPU.Build.0 = Debug|Any CPU
		{E0EC241C-50CF-42F3-A444-8758F88B23EC}.Release|Any CPU.ActiveCfg = Release|Any CPU
		{E0EC241C-50CF-42F3-A444-8758F88B23EC}.Release|Any CPU.Build.0 = Release|Any CPU
		{A9D84435-3499-4E27-B242-9726D9D4B1E1}.Debug|Any CPU.ActiveCfg = Debug|Any CPU
		{A9D84435-3499-4E27-B242-9726D9D4B1E1}.Debug|Any CPU.Build.0 = Debug|Any CPU
		{A9D84435-3499-4E27-B242-9726D9D4B1E1}.Release|Any CPU.ActiveCfg = Release|Any CPU
		{A9D84435-3499-4E27-B242-9726D9D4B1E1}.Release|Any CPU.Build.0 = Release|Any CPU
	EndGlobalSection
	GlobalSection(SolutionProperties) = preSolution
		HideSolutionNode = FALSE
	EndGlobalSection
	GlobalSection(ExtensibilityGlobals) = postSolution
		SolutionGuid = {C32D8946-C4EE-4021-BA39-E16E8D6C59E8}
	EndGlobalSection
EndGlobal
